// !$*UTF8*$!
{
	archiveVersion = 1;
	classes = {
	};
	objectVersion = 46;
	objects = {

/* Begin PBXBuildFile section */
		EF1644EC1D9273AE0049339B /* uncrustify in Resources */ = {isa = PBXBuildFile; fileRef = EF1644EA1D9273AE0049339B /* uncrustify */; };
		EF1644ED1D9273AE0049339B /* uncrustify.cfg in Resources */ = {isa = PBXBuildFile; fileRef = EF1644EB1D9273AE0049339B /* uncrustify.cfg */; };
		EF16ABA61EC955C4007F668A /* ESClassInfo.m in Sources */ = {isa = PBXBuildFile; fileRef = EF16ABA31EC955C4007F668A /* ESClassInfo.m */; };
		EF16ABA71EC955C4007F668A /* ESJsonFormatManager.m in Sources */ = {isa = PBXBuildFile; fileRef = EF16ABA51EC955C4007F668A /* ESJsonFormatManager.m */; };
		EF16ABAA1EC955DE007F668A /* JsonToPropertyStatement.m in Sources */ = {isa = PBXBuildFile; fileRef = EF16ABA91EC955DE007F668A /* JsonToPropertyStatement.m */; };
		EF2732D81ECD4AFE00DFC250 /* ImportStatement.m in Sources */ = {isa = PBXBuildFile; fileRef = EF2732D71ECD4AFE00DFC250 /* ImportStatement.m */; };
		EF7E87701ECC1DF800B97EC4 /* Main.storyboard in Resources */ = {isa = PBXBuildFile; fileRef = EF7E876F1ECC1DF800B97EC4 /* Main.storyboard */; };
		EF7E87721ECC1E6C00B97EC4 /* ViewController.m in Sources */ = {isa = PBXBuildFile; fileRef = EF7E87711ECC1E6C00B97EC4 /* ViewController.m */; };
		EF7E87761ECC1EB400B97EC4 /* CodeStatement.m in Sources */ = {isa = PBXBuildFile; fileRef = EF7E87751ECC1EB400B97EC4 /* CodeStatement.m */; };
		EF7E87891ECC2F8000B97EC4 /* KeyBindingsInserter.m in Sources */ = {isa = PBXBuildFile; fileRef = EF7E87881ECC2F8000B97EC4 /* KeyBindingsInserter.m */; };
		EF7E878C1ECC2FFF00B97EC4 /* UserKeyBindings.plist in Resources */ = {isa = PBXBuildFile; fileRef = EF7E878A1ECC2FFF00B97EC4 /* UserKeyBindings.plist */; };
		EF7E878D1ECC2FFF00B97EC4 /* yingguqing.idekeybindings in Resources */ = {isa = PBXBuildFile; fileRef = EF7E878B1ECC2FFF00B97EC4 /* yingguqing.idekeybindings */; };
		EF80AAA61EEF9A15005AC352 /* CommonUtil.swift in Sources */ = {isa = PBXBuildFile; fileRef = EF80AAA51EEF9A15005AC352 /* CommonUtil.swift */; };
		EF80AAA81EEF9BE7005AC352 /* FormatCodeStatement.swift in Sources */ = {isa = PBXBuildFile; fileRef = EF80AAA71EEF9BE7005AC352 /* FormatCodeStatement.swift */; };
		EFCAF7911D8FED5400B1657E /* AppDelegate.m in Sources */ = {isa = PBXBuildFile; fileRef = EFCAF7901D8FED5400B1657E /* AppDelegate.m */; };
		EFCAF7941D8FED5400B1657E /* main.m in Sources */ = {isa = PBXBuildFile; fileRef = EFCAF7931D8FED5400B1657E /* main.m */; };
		EFCAF7991D8FED5400B1657E /* Assets.xcassets in Resources */ = {isa = PBXBuildFile; fileRef = EFCAF7981D8FED5400B1657E /* Assets.xcassets */; };
		EFCAF7AA1D8FED6500B1657E /* Cocoa.framework in Frameworks */ = {isa = PBXBuildFile; fileRef = EFCAF7A91D8FED6500B1657E /* Cocoa.framework */; };
		EFCAF7B01D8FED6500B1657E /* SourceEditorExtension.m in Sources */ = {isa = PBXBuildFile; fileRef = EFCAF7AF1D8FED6500B1657E /* SourceEditorExtension.m */; };
		EFCAF7B31D8FED6500B1657E /* SourceEditorCommand.m in Sources */ = {isa = PBXBuildFile; fileRef = EFCAF7B21D8FED6500B1657E /* SourceEditorCommand.m */; };
		EFCAF7B71D8FED6500B1657E /* MyPlugin.appex in Embed App Extensions */ = {isa = PBXBuildFile; fileRef = EFCAF7A71D8FED6500B1657E /* MyPlugin.appex */; settings = {ATTRIBUTES = (RemoveHeadersOnCopy, ); }; };
		EFD2B7B81ECEDA2C003957BD /* JavaToObjectCStatement.m in Sources */ = {isa = PBXBuildFile; fileRef = EFD2B7B71ECEDA2C003957BD /* JavaToObjectCStatement.m */; };
		EFD482971EC981A0007B493A /* Until.m in Sources */ = {isa = PBXBuildFile; fileRef = EFD482961EC981A0007B493A /* Until.m */; };
		EFD4829F1EC9829E007B493A /* InitWithJsonStatement.m in Sources */ = {isa = PBXBuildFile; fileRef = EFD4829E1EC9829E007B493A /* InitWithJsonStatement.m */; };
/* End PBXBuildFile section */

/* Begin PBXContainerItemProxy section */
		EFCAF7B51D8FED6500B1657E /* PBXContainerItemProxy */ = {
			isa = PBXContainerItemProxy;
			containerPortal = EFCAF7841D8FED5400B1657E /* Project object */;
			proxyType = 1;
			remoteGlobalIDString = EFCAF7A61D8FED6500B1657E;
			remoteInfo = MyPlugin;
		};
/* End PBXContainerItemProxy section */

/* Begin PBXCopyFilesBuildPhase section */
		EFCAF7BB1D8FED6500B1657E /* Embed App Extensions */ = {
			isa = PBXCopyFilesBuildPhase;
			buildActionMask = 2147483647;
			dstPath = "";
			dstSubfolderSpec = 13;
			files = (
				EFCAF7B71D8FED6500B1657E /* MyPlugin.appex in Embed App Extensions */,
			);
			name = "Embed App Extensions";
			runOnlyForDeploymentPostprocessing = 0;
		};
/* End PBXCopyFilesBuildPhase section */

/* Begin PBXFileReference section */
		EF1644EA1D9273AE0049339B /* uncrustify */ = {isa = PBXFileReference; lastKnownFileType = "compiled.mach-o.executable"; path = uncrustify; sourceTree = "<group>"; };
		EF1644EB1D9273AE0049339B /* uncrustify.cfg */ = {isa = PBXFileReference; fileEncoding = 4; lastKnownFileType = text; path = uncrustify.cfg; sourceTree = "<group>"; };
		EF16ABA21EC955C4007F668A /* ESClassInfo.h */ = {isa = PBXFileReference; fileEncoding = 4; lastKnownFileType = sourcecode.c.h; path = ESClassInfo.h; sourceTree = "<group>"; };
		EF16ABA31EC955C4007F668A /* ESClassInfo.m */ = {isa = PBXFileReference; fileEncoding = 4; lastKnownFileType = sourcecode.c.objc; path = ESClassInfo.m; sourceTree = "<group>"; };
		EF16ABA41EC955C4007F668A /* ESJsonFormatManager.h */ = {isa = PBXFileReference; fileEncoding = 4; lastKnownFileType = sourcecode.c.h; path = ESJsonFormatManager.h; sourceTree = "<group>"; };
		EF16ABA51EC955C4007F668A /* ESJsonFormatManager.m */ = {isa = PBXFileReference; fileEncoding = 4; lastKnownFileType = sourcecode.c.objc; path = ESJsonFormatManager.m; sourceTree = "<group>"; };
		EF16ABA81EC955DE007F668A /* JsonToPropertyStatement.h */ = {isa = PBXFileReference; fileEncoding = 4; lastKnownFileType = sourcecode.c.h; path = JsonToPropertyStatement.h; sourceTree = "<group>"; };
		EF16ABA91EC955DE007F668A /* JsonToPropertyStatement.m */ = {isa = PBXFileReference; fileEncoding = 4; lastKnownFileType = sourcecode.c.objc; path = JsonToPropertyStatement.m; sourceTree = "<group>"; };
		EF2732D61ECD4AFE00DFC250 /* ImportStatement.h */ = {isa = PBXFileReference; fileEncoding = 4; lastKnownFileType = sourcecode.c.h; path = ImportStatement.h; sourceTree = "<group>"; };
		EF2732D71ECD4AFE00DFC250 /* ImportStatement.m */ = {isa = PBXFileReference; fileEncoding = 4; lastKnownFileType = sourcecode.c.objc; path = ImportStatement.m; sourceTree = "<group>"; };
		EF53F4B61D90EADC00451D6C /* AppKit.framework */ = {isa = PBXFileReference; lastKnownFileType = wrapper.framework; name = AppKit.framework; path = System/Library/Frameworks/AppKit.framework; sourceTree = SDKROOT; };
		EF53F93B1D90F44C00451D6C /* Foundation.framework */ = {isa = PBXFileReference; lastKnownFileType = wrapper.framework; name = Foundation.framework; path = System/Library/Frameworks/Foundation.framework; sourceTree = SDKROOT; };
		EF7E876F1ECC1DF800B97EC4 /* Main.storyboard */ = {isa = PBXFileReference; fileEncoding = 4; lastKnownFileType = file.storyboard; path = Main.storyboard; sourceTree = "<group>"; };
		EF7E87711ECC1E6C00B97EC4 /* ViewController.m */ = {isa = PBXFileReference; fileEncoding = 4; lastKnownFileType = sourcecode.c.objc; path = ViewController.m; sourceTree = "<group>"; };
		EF7E87731ECC1E8E00B97EC4 /* ViewController.h */ = {isa = PBXFileReference; lastKnownFileType = sourcecode.c.h; path = ViewController.h; sourceTree = "<group>"; };
		EF7E87741ECC1EB400B97EC4 /* CodeStatement.h */ = {isa = PBXFileReference; fileEncoding = 4; lastKnownFileType = sourcecode.c.h; path = CodeStatement.h; sourceTree = "<group>"; };
		EF7E87751ECC1EB400B97EC4 /* CodeStatement.m */ = {isa = PBXFileReference; fileEncoding = 4; lastKnownFileType = sourcecode.c.objc; path = CodeStatement.m; sourceTree = "<group>"; };
		EF7E87871ECC2F8000B97EC4 /* KeyBindingsInserter.h */ = {isa = PBXFileReference; fileEncoding = 4; lastKnownFileType = sourcecode.c.h; path = KeyBindingsInserter.h; sourceTree = "<group>"; };
		EF7E87881ECC2F8000B97EC4 /* KeyBindingsInserter.m */ = {isa = PBXFileReference; fileEncoding = 4; lastKnownFileType = sourcecode.c.objc; path = KeyBindingsInserter.m; sourceTree = "<group>"; };
		EF7E878A1ECC2FFF00B97EC4 /* UserKeyBindings.plist */ = {isa = PBXFileReference; fileEncoding = 4; lastKnownFileType = text.plist.xml; path = UserKeyBindings.plist; sourceTree = "<group>"; };
		EF7E878B1ECC2FFF00B97EC4 /* yingguqing.idekeybindings */ = {isa = PBXFileReference; fileEncoding = 4; lastKnownFileType = text.xml; path = yingguqing.idekeybindings; sourceTree = "<group>"; };
		EF80AAA41EEF9A15005AC352 /* MyPlugin-Bridging-Header.h */ = {isa = PBXFileReference; lastKnownFileType = sourcecode.c.h; path = "MyPlugin-Bridging-Header.h"; sourceTree = "<group>"; };
		EF80AAA51EEF9A15005AC352 /* CommonUtil.swift */ = {isa = PBXFileReference; fileEncoding = 4; lastKnownFileType = sourcecode.swift; path = CommonUtil.swift; sourceTree = "<group>"; };
		EF80AAA71EEF9BE7005AC352 /* FormatCodeStatement.swift */ = {isa = PBXFileReference; fileEncoding = 4; lastKnownFileType = sourcecode.swift; path = FormatCodeStatement.swift; sourceTree = "<group>"; };
		EFCAF78C1D8FED5400B1657E /* XCode插件.app */ = {isa = PBXFileReference; explicitFileType = wrapper.application; includeInIndex = 0; path = "XCode插件.app"; sourceTree = BUILT_PRODUCTS_DIR; };
		EFCAF78F1D8FED5400B1657E /* AppDelegate.h */ = {isa = PBXFileReference; lastKnownFileType = sourcecode.c.h; path = AppDelegate.h; sourceTree = "<group>"; };
		EFCAF7901D8FED5400B1657E /* AppDelegate.m */ = {isa = PBXFileReference; lastKnownFileType = sourcecode.c.objc; path = AppDelegate.m; sourceTree = "<group>"; };
		EFCAF7931D8FED5400B1657E /* main.m */ = {isa = PBXFileReference; lastKnownFileType = sourcecode.c.objc; path = main.m; sourceTree = "<group>"; };
		EFCAF7981D8FED5400B1657E /* Assets.xcassets */ = {isa = PBXFileReference; lastKnownFileType = folder.assetcatalog; path = Assets.xcassets; sourceTree = "<group>"; };
		EFCAF79D1D8FED5400B1657E /* Info.plist */ = {isa = PBXFileReference; lastKnownFileType = text.plist.xml; path = Info.plist; sourceTree = "<group>"; };
		EFCAF7A71D8FED6500B1657E /* MyPlugin.appex */ = {isa = PBXFileReference; explicitFileType = "wrapper.app-extension"; includeInIndex = 0; path = MyPlugin.appex; sourceTree = BUILT_PRODUCTS_DIR; };
		EFCAF7A91D8FED6500B1657E /* Cocoa.framework */ = {isa = PBXFileReference; lastKnownFileType = wrapper.framework; name = Cocoa.framework; path = System/Library/Frameworks/Cocoa.framework; sourceTree = SDKROOT; };
		EFCAF7AD1D8FED6500B1657E /* MyPlugin.entitlements */ = {isa = PBXFileReference; lastKnownFileType = text.plist.entitlements; path = MyPlugin.entitlements; sourceTree = "<group>"; };
		EFCAF7AE1D8FED6500B1657E /* SourceEditorExtension.h */ = {isa = PBXFileReference; lastKnownFileType = sourcecode.c.h; path = SourceEditorExtension.h; sourceTree = "<group>"; };
		EFCAF7AF1D8FED6500B1657E /* SourceEditorExtension.m */ = {isa = PBXFileReference; lastKnownFileType = sourcecode.c.objc; path = SourceEditorExtension.m; sourceTree = "<group>"; };
		EFCAF7B11D8FED6500B1657E /* SourceEditorCommand.h */ = {isa = PBXFileReference; lastKnownFileType = sourcecode.c.h; path = SourceEditorCommand.h; sourceTree = "<group>"; };
		EFCAF7B21D8FED6500B1657E /* SourceEditorCommand.m */ = {isa = PBXFileReference; lastKnownFileType = sourcecode.c.objc; path = SourceEditorCommand.m; sourceTree = "<group>"; };
		EFCAF7B41D8FED6500B1657E /* Info.plist */ = {isa = PBXFileReference; lastKnownFileType = text.plist.xml; path = Info.plist; sourceTree = "<group>"; };
		EFD2B7B61ECEDA2C003957BD /* JavaToObjectCStatement.h */ = {isa = PBXFileReference; fileEncoding = 4; lastKnownFileType = sourcecode.c.h; path = JavaToObjectCStatement.h; sourceTree = "<group>"; };
		EFD2B7B71ECEDA2C003957BD /* JavaToObjectCStatement.m */ = {isa = PBXFileReference; fileEncoding = 4; lastKnownFileType = sourcecode.c.objc; path = JavaToObjectCStatement.m; sourceTree = "<group>"; };
		EFD482951EC981A0007B493A /* Until.h */ = {isa = PBXFileReference; fileEncoding = 4; lastKnownFileType = sourcecode.c.h; path = Until.h; sourceTree = "<group>"; };
		EFD482961EC981A0007B493A /* Until.m */ = {isa = PBXFileReference; fileEncoding = 4; lastKnownFileType = sourcecode.c.objc; path = Until.m; sourceTree = "<group>"; };
		EFD4829D1EC9829E007B493A /* InitWithJsonStatement.h */ = {isa = PBXFileReference; fileEncoding = 4; lastKnownFileType = sourcecode.c.h; path = InitWithJsonStatement.h; sourceTree = "<group>"; };
		EFD4829E1EC9829E007B493A /* InitWithJsonStatement.m */ = {isa = PBXFileReference; fileEncoding = 4; lastKnownFileType = sourcecode.c.objc; path = InitWithJsonStatement.m; sourceTree = "<group>"; };
/* End PBXFileReference section */

/* Begin PBXFrameworksBuildPhase section */
		EFCAF7891D8FED5400B1657E /* Frameworks */ = {
			isa = PBXFrameworksBuildPhase;
			buildActionMask = 2147483647;
			files = (
			);
			runOnlyForDeploymentPostprocessing = 0;
		};
		EFCAF7A41D8FED6500B1657E /* Frameworks */ = {
			isa = PBXFrameworksBuildPhase;
			buildActionMask = 2147483647;
			files = (
				EFCAF7AA1D8FED6500B1657E /* Cocoa.framework in Frameworks */,
			);
			runOnlyForDeploymentPostprocessing = 0;
		};
/* End PBXFrameworksBuildPhase section */

/* Begin PBXGroup section */
		EF16ABA01EC955C4007F668A /* JsonToProperty */ = {
			isa = PBXGroup;
			children = (
				EF16ABA11EC955C4007F668A /* Json2PropertyExtension */,
				EF16ABA81EC955DE007F668A /* JsonToPropertyStatement.h */,
				EF16ABA91EC955DE007F668A /* JsonToPropertyStatement.m */,
			);
			path = JsonToProperty;
			sourceTree = "<group>";
		};
		EF16ABA11EC955C4007F668A /* Json2PropertyExtension */ = {
			isa = PBXGroup;
			children = (
				EF16ABA21EC955C4007F668A /* ESClassInfo.h */,
				EF16ABA31EC955C4007F668A /* ESClassInfo.m */,
				EF16ABA41EC955C4007F668A /* ESJsonFormatManager.h */,
				EF16ABA51EC955C4007F668A /* ESJsonFormatManager.m */,
			);
			path = Json2PropertyExtension;
			sourceTree = "<group>";
		};
		EF2732D51ECD4ADC00DFC250 /* ImportStatement */ = {
			isa = PBXGroup;
			children = (
				EF2732D61ECD4AFE00DFC250 /* ImportStatement.h */,
				EF2732D71ECD4AFE00DFC250 /* ImportStatement.m */,
			);
			path = ImportStatement;
			sourceTree = "<group>";
		};
		EF80AA9F1EEF99C9005AC352 /* Swift */ = {
			isa = PBXGroup;
			children = (
				EF80AAA51EEF9A15005AC352 /* CommonUtil.swift */,
				EF80AAA41EEF9A15005AC352 /* MyPlugin-Bridging-Header.h */,
				EF80AAA71EEF9BE7005AC352 /* FormatCodeStatement.swift */,
			);
			path = Swift;
			sourceTree = "<group>";
		};
		EFCAF7831D8FED5400B1657E = {
			isa = PBXGroup;
			children = (
				EFCAF78E1D8FED5400B1657E /* MyMacPlugin */,
				EFCAF7AB1D8FED6500B1657E /* MyPlugin */,
				EFCAF7A81D8FED6500B1657E /* Frameworks */,
				EFCAF78D1D8FED5400B1657E /* Products */,
			);
			sourceTree = "<group>";
		};
		EFCAF78D1D8FED5400B1657E /* Products */ = {
			isa = PBXGroup;
			children = (
				EFCAF78C1D8FED5400B1657E /* XCode插件.app */,
				EFCAF7A71D8FED6500B1657E /* MyPlugin.appex */,
			);
			name = Products;
			sourceTree = "<group>";
		};
		EFCAF78E1D8FED5400B1657E /* MyMacPlugin */ = {
			isa = PBXGroup;
			children = (
				EFCAF78F1D8FED5400B1657E /* AppDelegate.h */,
				EFCAF7901D8FED5400B1657E /* AppDelegate.m */,
				EF7E87731ECC1E8E00B97EC4 /* ViewController.h */,
				EF7E87711ECC1E6C00B97EC4 /* ViewController.m */,
				EF7E87871ECC2F8000B97EC4 /* KeyBindingsInserter.h */,
				EF7E87881ECC2F8000B97EC4 /* KeyBindingsInserter.m */,
				EFCAF7921D8FED5400B1657E /* Supporting Files */,
			);
			path = MyMacPlugin;
			sourceTree = "<group>";
		};
		EFCAF7921D8FED5400B1657E /* Supporting Files */ = {
			isa = PBXGroup;
			children = (
				EF7E878A1ECC2FFF00B97EC4 /* UserKeyBindings.plist */,
				EF7E878B1ECC2FFF00B97EC4 /* yingguqing.idekeybindings */,
				EFCAF79D1D8FED5400B1657E /* Info.plist */,
				EFCAF7931D8FED5400B1657E /* main.m */,
				EFCAF7981D8FED5400B1657E /* Assets.xcassets */,
				EF7E876F1ECC1DF800B97EC4 /* Main.storyboard */,
			);
			name = "Supporting Files";
			sourceTree = "<group>";
		};
		EFCAF7A81D8FED6500B1657E /* Frameworks */ = {
			isa = PBXGroup;
			children = (
				EF53F93B1D90F44C00451D6C /* Foundation.framework */,
				EF53F4B61D90EADC00451D6C /* AppKit.framework */,
				EFCAF7A91D8FED6500B1657E /* Cocoa.framework */,
			);
			name = Frameworks;
			sourceTree = "<group>";
		};
		EFCAF7AB1D8FED6500B1657E /* MyPlugin */ = {
			isa = PBXGroup;
			children = (
				EF80AA9F1EEF99C9005AC352 /* Swift */,
				EFD482941EC981A0007B493A /* Until */,
				EFD2B7B51ECEDA1B003957BD /* JavaToObjectC */,
				EF16ABA01EC955C4007F668A /* JsonToProperty */,
				EFD482981EC981C5007B493A /* CodeStatement */,
				EFD4829C1EC981E0007B493A /* InitWithJsonStatement */,
				EF2732D51ECD4ADC00DFC250 /* ImportStatement */,
				EFCAF7AE1D8FED6500B1657E /* SourceEditorExtension.h */,
				EFCAF7AF1D8FED6500B1657E /* SourceEditorExtension.m */,
				EFCAF7B11D8FED6500B1657E /* SourceEditorCommand.h */,
				EFCAF7B21D8FED6500B1657E /* SourceEditorCommand.m */,
				EFCAF7AC1D8FED6500B1657E /* Supporting Files */,
			);
			path = MyPlugin;
			sourceTree = "<group>";
		};
		EFCAF7AC1D8FED6500B1657E /* Supporting Files */ = {
			isa = PBXGroup;
			children = (
				EF1644EA1D9273AE0049339B /* uncrustify */,
				EF1644EB1D9273AE0049339B /* uncrustify.cfg */,
				EFCAF7AD1D8FED6500B1657E /* MyPlugin.entitlements */,
				EFCAF7B41D8FED6500B1657E /* Info.plist */,
			);
			name = "Supporting Files";
			sourceTree = "<group>";
		};
		EFD2B7B51ECEDA1B003957BD /* JavaToObjectC */ = {
			isa = PBXGroup;
			children = (
				EFD2B7B61ECEDA2C003957BD /* JavaToObjectCStatement.h */,
				EFD2B7B71ECEDA2C003957BD /* JavaToObjectCStatement.m */,
			);
			path = JavaToObjectC;
			sourceTree = "<group>";
		};
		EFD482941EC981A0007B493A /* Until */ = {
			isa = PBXGroup;
			children = (
				EFD482951EC981A0007B493A /* Until.h */,
				EFD482961EC981A0007B493A /* Until.m */,
			);
			path = Until;
			sourceTree = "<group>";
		};
		EFD482981EC981C5007B493A /* CodeStatement */ = {
			isa = PBXGroup;
			children = (
				EF7E87741ECC1EB400B97EC4 /* CodeStatement.h */,
				EF7E87751ECC1EB400B97EC4 /* CodeStatement.m */,
			);
			path = CodeStatement;
			sourceTree = "<group>";
		};
		EFD4829C1EC981E0007B493A /* InitWithJsonStatement */ = {
			isa = PBXGroup;
			children = (
				EFD4829D1EC9829E007B493A /* InitWithJsonStatement.h */,
				EFD4829E1EC9829E007B493A /* InitWithJsonStatement.m */,
			);
			path = InitWithJsonStatement;
			sourceTree = "<group>";
		};
/* End PBXGroup section */

/* Begin PBXNativeTarget section */
		EFCAF78B1D8FED5400B1657E /* MyMacPlugin */ = {
			isa = PBXNativeTarget;
			buildConfigurationList = EFCAF7A01D8FED5400B1657E /* Build configuration list for PBXNativeTarget "MyMacPlugin" */;
			buildPhases = (
				EFCAF7881D8FED5400B1657E /* Sources */,
				EFCAF7891D8FED5400B1657E /* Frameworks */,
				EFCAF78A1D8FED5400B1657E /* Resources */,
				EFCAF7BB1D8FED6500B1657E /* Embed App Extensions */,
			);
			buildRules = (
			);
			dependencies = (
				EFCAF7B61D8FED6500B1657E /* PBXTargetDependency */,
			);
			name = MyMacPlugin;
			productName = MyMacPlugin;
			productReference = EFCAF78C1D8FED5400B1657E /* XCode插件.app */;
			productType = "com.apple.product-type.application";
		};
		EFCAF7A61D8FED6500B1657E /* MyPlugin */ = {
			isa = PBXNativeTarget;
			buildConfigurationList = EFCAF7B81D8FED6500B1657E /* Build configuration list for PBXNativeTarget "MyPlugin" */;
			buildPhases = (
				EFCAF7A31D8FED6500B1657E /* Sources */,
				EFCAF7A41D8FED6500B1657E /* Frameworks */,
				EFCAF7A51D8FED6500B1657E /* Resources */,
			);
			buildRules = (
			);
			dependencies = (
			);
			name = MyPlugin;
			productName = MyPlugin;
			productReference = EFCAF7A71D8FED6500B1657E /* MyPlugin.appex */;
			productType = "com.apple.product-type.xcode-extension";
		};
/* End PBXNativeTarget section */

/* Begin PBXProject section */
		EFCAF7841D8FED5400B1657E /* Project object */ = {
			isa = PBXProject;
			attributes = {
				LastUpgradeCheck = 0900;
				ORGANIZATIONNAME = "影孤清";
				TargetAttributes = {
					EFCAF78B1D8FED5400B1657E = {
						CreatedOnToolsVersion = 8.0;
						DevelopmentTeam = X4G4XZKQ74;
						LastSwiftMigration = 0900;
						ProvisioningStyle = Automatic;
					};
					EFCAF7A61D8FED6500B1657E = {
						CreatedOnToolsVersion = 8.0;
						DevelopmentTeam = X4G4XZKQ74;
						LastSwiftMigration = 0900;
						ProvisioningStyle = Automatic;
					};
				};
			};
			buildConfigurationList = EFCAF7871D8FED5400B1657E /* Build configuration list for PBXProject "MyMacPlugin" */;
			compatibilityVersion = "Xcode 3.2";
			developmentRegion = English;
			hasScannedForEncodings = 0;
			knownRegions = (
				en,
				Base,
				English,
			);
			mainGroup = EFCAF7831D8FED5400B1657E;
			productRefGroup = EFCAF78D1D8FED5400B1657E /* Products */;
			projectDirPath = "";
			projectRoot = "";
			targets = (
				EFCAF78B1D8FED5400B1657E /* MyMacPlugin */,
				EFCAF7A61D8FED6500B1657E /* MyPlugin */,
			);
		};
/* End PBXProject section */

/* Begin PBXResourcesBuildPhase section */
		EFCAF78A1D8FED5400B1657E /* Resources */ = {
			isa = PBXResourcesBuildPhase;
			buildActionMask = 2147483647;
			files = (
				EF7E878C1ECC2FFF00B97EC4 /* UserKeyBindings.plist in Resources */,
				EFCAF7991D8FED5400B1657E /* Assets.xcassets in Resources */,
				EF7E878D1ECC2FFF00B97EC4 /* yingguqing.idekeybindings in Resources */,
				EF7E87701ECC1DF800B97EC4 /* Main.storyboard in Resources */,
			);
			runOnlyForDeploymentPostprocessing = 0;
		};
		EFCAF7A51D8FED6500B1657E /* Resources */ = {
			isa = PBXResourcesBuildPhase;
			buildActionMask = 2147483647;
			files = (
				EF1644ED1D9273AE0049339B /* uncrustify.cfg in Resources */,
				EF1644EC1D9273AE0049339B /* uncrustify in Resources */,
			);
			runOnlyForDeploymentPostprocessing = 0;
		};
/* End PBXResourcesBuildPhase section */

/* Begin PBXSourcesBuildPhase section */
		EFCAF7881D8FED5400B1657E /* Sources */ = {
			isa = PBXSourcesBuildPhase;
			buildActionMask = 2147483647;
			files = (
				EF7E87721ECC1E6C00B97EC4 /* ViewController.m in Sources */,
				EFCAF7941D8FED5400B1657E /* main.m in Sources */,
				EFCAF7911D8FED5400B1657E /* AppDelegate.m in Sources */,
				EF7E87891ECC2F8000B97EC4 /* KeyBindingsInserter.m in Sources */,
			);
			runOnlyForDeploymentPostprocessing = 0;
		};
		EFCAF7A31D8FED6500B1657E /* Sources */ = {
			isa = PBXSourcesBuildPhase;
			buildActionMask = 2147483647;
			files = (
				EF2732D81ECD4AFE00DFC250 /* ImportStatement.m in Sources */,
				EFD2B7B81ECEDA2C003957BD /* JavaToObjectCStatement.m in Sources */,
				EF16ABA71EC955C4007F668A /* ESJsonFormatManager.m in Sources */,
				EFD4829F1EC9829E007B493A /* InitWithJsonStatement.m in Sources */,
				EF7E87761ECC1EB400B97EC4 /* CodeStatement.m in Sources */,
				EF80AAA81EEF9BE7005AC352 /* FormatCodeStatement.swift in Sources */,
				EF80AAA61EEF9A15005AC352 /* CommonUtil.swift in Sources */,
				EFCAF7B01D8FED6500B1657E /* SourceEditorExtension.m in Sources */,
				EFCAF7B31D8FED6500B1657E /* SourceEditorCommand.m in Sources */,
				EF16ABA61EC955C4007F668A /* ESClassInfo.m in Sources */,
				EFD482971EC981A0007B493A /* Until.m in Sources */,
				EF16ABAA1EC955DE007F668A /* JsonToPropertyStatement.m in Sources */,
			);
			runOnlyForDeploymentPostprocessing = 0;
		};
/* End PBXSourcesBuildPhase section */

/* Begin PBXTargetDependency section */
		EFCAF7B61D8FED6500B1657E /* PBXTargetDependency */ = {
			isa = PBXTargetDependency;
			target = EFCAF7A61D8FED6500B1657E /* MyPlugin */;
			targetProxy = EFCAF7B51D8FED6500B1657E /* PBXContainerItemProxy */;
		};
/* End PBXTargetDependency section */

/* Begin XCBuildConfiguration section */
		EFCAF79E1D8FED5400B1657E /* Debug */ = {
			isa = XCBuildConfiguration;
			buildSettings = {
				ALWAYS_SEARCH_USER_PATHS = NO;
				CLANG_ANALYZER_LOCALIZABILITY_NONLOCALIZED = YES;
				CLANG_ANALYZER_NONNULL = YES;
				CLANG_CXX_LANGUAGE_STANDARD = "gnu++0x";
				CLANG_CXX_LIBRARY = "libc++";
				CLANG_ENABLE_MODULES = YES;
				CLANG_ENABLE_OBJC_ARC = YES;
				CLANG_WARN_BLOCK_CAPTURE_AUTORELEASING = YES;
				CLANG_WARN_BOOL_CONVERSION = YES;
				CLANG_WARN_COMMA = YES;
				CLANG_WARN_CONSTANT_CONVERSION = YES;
				CLANG_WARN_DIRECT_OBJC_ISA_USAGE = YES_ERROR;
				CLANG_WARN_DOCUMENTATION_COMMENTS = YES;
				CLANG_WARN_EMPTY_BODY = YES;
				CLANG_WARN_ENUM_CONVERSION = YES;
				CLANG_WARN_INFINITE_RECURSION = YES;
				CLANG_WARN_INT_CONVERSION = YES;
				CLANG_WARN_NON_LITERAL_NULL_CONVERSION = YES;
				CLANG_WARN_OBJC_LITERAL_CONVERSION = YES;
				CLANG_WARN_OBJC_ROOT_CLASS = YES_ERROR;
				CLANG_WARN_RANGE_LOOP_ANALYSIS = YES;
				CLANG_WARN_STRICT_PROTOTYPES = YES;
				CLANG_WARN_SUSPICIOUS_MOVE = YES;
				CLANG_WARN_SUSPICIOUS_MOVES = YES;
				CLANG_WARN_UNREACHABLE_CODE = YES;
				CLANG_WARN__DUPLICATE_METHOD_MATCH = YES;
				CODE_SIGN_IDENTITY = "-";
				COPY_PHASE_STRIP = NO;
				DEBUG_INFORMATION_FORMAT = dwarf;
				ENABLE_STRICT_OBJC_MSGSEND = YES;
				ENABLE_TESTABILITY = YES;
				GCC_C_LANGUAGE_STANDARD = gnu99;
				GCC_DYNAMIC_NO_PIC = NO;
				GCC_NO_COMMON_BLOCKS = YES;
				GCC_OPTIMIZATION_LEVEL = 0;
				GCC_PREPROCESSOR_DEFINITIONS = (
					"DEBUG=1",
					"$(inherited)",
				);
				GCC_WARN_64_TO_32_BIT_CONVERSION = YES;
				GCC_WARN_ABOUT_RETURN_TYPE = YES_ERROR;
				GCC_WARN_UNDECLARED_SELECTOR = YES;
				GCC_WARN_UNINITIALIZED_AUTOS = YES_AGGRESSIVE;
				GCC_WARN_UNUSED_FUNCTION = YES;
				GCC_WARN_UNUSED_VARIABLE = YES;
				INFOPLIST_FILE = MyMacPlugin/Info.plist;
				INSTALL_PATH = "$(LOCAL_APPS_DIR)";
				LD_RUNPATH_SEARCH_PATHS = "$(inherited) @executable_path/../Frameworks";
				MACH_O_TYPE = mh_execute;
				MACOSX_DEPLOYMENT_TARGET = 10.11;
				MTL_ENABLE_DEBUG_INFO = YES;
				ONLY_ACTIVE_ARCH = YES;
				SDKROOT = macosx;
			};
			name = Debug;
		};
		EFCAF79F1D8FED5400B1657E /* Release */ = {
			isa = XCBuildConfiguration;
			buildSettings = {
				ALWAYS_SEARCH_USER_PATHS = NO;
				CLANG_ANALYZER_LOCALIZABILITY_NONLOCALIZED = YES;
				CLANG_ANALYZER_NONNULL = YES;
				CLANG_CXX_LANGUAGE_STANDARD = "gnu++0x";
				CLANG_CXX_LIBRARY = "libc++";
				CLANG_ENABLE_MODULES = YES;
				CLANG_ENABLE_OBJC_ARC = YES;
				CLANG_WARN_BLOCK_CAPTURE_AUTORELEASING = YES;
				CLANG_WARN_BOOL_CONVERSION = YES;
				CLANG_WARN_COMMA = YES;
				CLANG_WARN_CONSTANT_CONVERSION = YES;
				CLANG_WARN_DIRECT_OBJC_ISA_USAGE = YES_ERROR;
				CLANG_WARN_DOCUMENTATION_COMMENTS = YES;
				CLANG_WARN_EMPTY_BODY = YES;
				CLANG_WARN_ENUM_CONVERSION = YES;
				CLANG_WARN_INFINITE_RECURSION = YES;
				CLANG_WARN_INT_CONVERSION = YES;
				CLANG_WARN_NON_LITERAL_NULL_CONVERSION = YES;
				CLANG_WARN_OBJC_LITERAL_CONVERSION = YES;
				CLANG_WARN_OBJC_ROOT_CLASS = YES_ERROR;
				CLANG_WARN_RANGE_LOOP_ANALYSIS = YES;
				CLANG_WARN_STRICT_PROTOTYPES = YES;
				CLANG_WARN_SUSPICIOUS_MOVE = YES;
				CLANG_WARN_SUSPICIOUS_MOVES = YES;
				CLANG_WARN_UNREACHABLE_CODE = YES;
				CLANG_WARN__DUPLICATE_METHOD_MATCH = YES;
				CODE_SIGN_IDENTITY = "-";
				COPY_PHASE_STRIP = NO;
				DEBUG_INFORMATION_FORMAT = "dwarf-with-dsym";
				ENABLE_NS_ASSERTIONS = NO;
				ENABLE_STRICT_OBJC_MSGSEND = YES;
				GCC_C_LANGUAGE_STANDARD = gnu99;
				GCC_NO_COMMON_BLOCKS = YES;
				GCC_WARN_64_TO_32_BIT_CONVERSION = YES;
				GCC_WARN_ABOUT_RETURN_TYPE = YES_ERROR;
				GCC_WARN_UNDECLARED_SELECTOR = YES;
				GCC_WARN_UNINITIALIZED_AUTOS = YES_AGGRESSIVE;
				GCC_WARN_UNUSED_FUNCTION = YES;
				GCC_WARN_UNUSED_VARIABLE = YES;
				INFOPLIST_FILE = MyMacPlugin/Info.plist;
				INSTALL_PATH = "$(LOCAL_APPS_DIR)";
				LD_RUNPATH_SEARCH_PATHS = "$(inherited) @executable_path/../Frameworks";
				MACH_O_TYPE = mh_execute;
				MACOSX_DEPLOYMENT_TARGET = 10.11;
				MTL_ENABLE_DEBUG_INFO = NO;
				SDKROOT = macosx;
				SWIFT_OPTIMIZATION_LEVEL = "-Owholemodule";
			};
			name = Release;
		};
		EFCAF7A11D8FED5400B1657E /* Debug */ = {
			isa = XCBuildConfiguration;
			buildSettings = {
				ALWAYS_EMBED_SWIFT_STANDARD_LIBRARIES = YES;
				ASSETCATALOG_COMPILER_APPICON_NAME = AppIcon;
				CLANG_ENABLE_MODULES = YES;
				CODE_SIGN_IDENTITY = "Mac Developer";
				COMBINE_HIDPI_IMAGES = YES;
				DEVELOPMENT_TEAM = X4G4XZKQ74;
				INFOPLIST_FILE = MyMacPlugin/Info.plist;
				LD_RUNPATH_SEARCH_PATHS = "$(inherited) @executable_path/../Frameworks";
				PRODUCT_BUNDLE_IDENTIFIER = com.yingguqing.MyMacPlugin;
				PRODUCT_NAME = "XCode插件";
				SWIFT_OBJC_BRIDGING_HEADER = "MyMacPlugin-Bridging-Header.h";
				SWIFT_OPTIMIZATION_LEVEL = "-Onone";
				SWIFT_SWIFT3_OBJC_INFERENCE = On;
				SWIFT_VERSION = 4.0;
			};
			name = Debug;
		};
		EFCAF7A21D8FED5400B1657E /* Release */ = {
			isa = XCBuildConfiguration;
			buildSettings = {
				ALWAYS_EMBED_SWIFT_STANDARD_LIBRARIES = YES;
				ASSETCATALOG_COMPILER_APPICON_NAME = AppIcon;
				CLANG_ENABLE_MODULES = YES;
				CODE_SIGN_IDENTITY = "Mac Developer";
				COMBINE_HIDPI_IMAGES = YES;
				DEVELOPMENT_TEAM = X4G4XZKQ74;
				INFOPLIST_FILE = MyMacPlugin/Info.plist;
				LD_RUNPATH_SEARCH_PATHS = "$(inherited) @executable_path/../Frameworks";
				PRODUCT_BUNDLE_IDENTIFIER = com.yingguqing.MyMacPlugin;
				PRODUCT_NAME = "XCode插件";
				SWIFT_OBJC_BRIDGING_HEADER = "MyMacPlugin-Bridging-Header.h";
				SWIFT_SWIFT3_OBJC_INFERENCE = On;
				SWIFT_VERSION = 4.0;
			};
			name = Release;
		};
		EFCAF7B91D8FED6500B1657E /* Debug */ = {
			isa = XCBuildConfiguration;
			buildSettings = {
				CLANG_ENABLE_MODULES = YES;
				CODE_SIGN_ENTITLEMENTS = MyPlugin/MyPlugin.entitlements;
				CODE_SIGN_IDENTITY = "Mac Developer";
				COMBINE_HIDPI_IMAGES = YES;
				DEFINES_MODULE = YES;
				DEPLOYMENT_LOCATION = YES;
				DEVELOPMENT_TEAM = X4G4XZKQ74;
				DSTROOT = "/tmp/$(PROJECT_NAME).dst";
				INFOPLIST_FILE = MyPlugin/Info.plist;
				INSTALL_PATH = "";
				LD_RUNPATH_SEARCH_PATHS = "$(inherited) @executable_path/../Frameworks @executable_path/../../../../Frameworks";
				MACOSX_DEPLOYMENT_TARGET = 10.11;
				PRODUCT_BUNDLE_IDENTIFIER = com.yingguqing.MyMacPlugin.MyPlugin;
				PRODUCT_NAME = "$(TARGET_NAME)";
				SKIP_INSTALL = YES;
				SWIFT_OBJC_BRIDGING_HEADER = "MyPlugin/Swift/MyPlugin-Bridging-Header.h";
				SWIFT_OPTIMIZATION_LEVEL = "-Onone";
				SWIFT_SWIFT3_OBJC_INFERENCE = On;
				SWIFT_VERSION = 4.0;
				WRAPPER_EXTENSION = appex;
			};
			name = Debug;
		};
		EFCAF7BA1D8FED6500B1657E /* Release */ = {
			isa = XCBuildConfiguration;
			buildSettings = {
				CLANG_ENABLE_MODULES = YES;
				CODE_SIGN_ENTITLEMENTS = MyPlugin/MyPlugin.entitlements;
				CODE_SIGN_IDENTITY = "Mac Developer";
				COMBINE_HIDPI_IMAGES = YES;
				DEFINES_MODULE = YES;
				DEPLOYMENT_LOCATION = YES;
				DEVELOPMENT_TEAM = X4G4XZKQ74;
				DSTROOT = "/tmp/$(PROJECT_NAME).dst";
				INFOPLIST_FILE = MyPlugin/Info.plist;
				INSTALL_PATH = "";
				LD_RUNPATH_SEARCH_PATHS = "$(inherited) @executable_path/../Frameworks @executable_path/../../../../Frameworks";
				MACOSX_DEPLOYMENT_TARGET = 10.11;
				PRODUCT_BUNDLE_IDENTIFIER = com.yingguqing.MyMacPlugin.MyPlugin;
				PRODUCT_NAME = "$(TARGET_NAME)";
				SKIP_INSTALL = YES;
				SWIFT_OBJC_BRIDGING_HEADER = "MyPlugin/Swift/MyPlugin-Bridging-Header.h";
				SWIFT_SWIFT3_OBJC_INFERENCE = On;
				SWIFT_VERSION = 4.0;
				WRAPPER_EXTENSION = appex;
			};
			name = Release;
		};
/* End XCBuildConfiguration section */

/* Begin XCConfigurationList section */
		EFCAF7871D8FED5400B1657E /* Build configuration list for PBXProject "MyMacPlugin" */ = {
			isa = XCConfigurationList;
			buildConfigurations = (
				EFCAF79E1D8FED5400B1657E /* Debug */,
				EFCAF79F1D8FED5400B1657E /* Release */,
			);
			defaultConfigurationIsVisible = 0;
			defaultConfigurationName = Release;
		};
		EFCAF7A01D8FED5400B1657E /* Build configuration list for PBXNativeTarget "MyMacPlugin" */ = {
			isa = XCConfigurationList;
			buildConfigurations = (
				EFCAF7A11D8FED5400B1657E /* Debug */,
				EFCAF7A21D8FED5400B1657E /* Release */,
			);
			defaultConfigurationIsVisible = 0;
			defaultConfigurationName = Release;
		};
		EFCAF7B81D8FED6500B1657E /* Build configuration list for PBXNativeTarget "MyPlugin" */ = {
			isa = XCConfigurationList;
			buildConfigurations = (
				EFCAF7B91D8FED6500B1657E /* Debug */,
				EFCAF7BA1D8FED6500B1657E /* Release */,
			);
			defaultConfigurationIsVisible = 0;
			defaultConfigurationName = Release;
		};
/* End XCConfigurationList section */
	};
	rootObject = EFCAF7841D8FED5400B1657E /* Project object */;
}
